
Microsoft Visual Studio Solution File, Format Version 10.00
# Visual Studio 2008
Project("{8BC9CEB8-8B4A-11D0-8D11-00A0C91BC942}") = "GridDemo", "GridDemo.vcproj", "{45319DC9-4203-420E-84AD-D0F1D1667B05}"
	ProjectSection(ProjectDependencies) = postProject
		{55AD88B1-6668-4BF7-9C7A-30DC6BDAEACA} = {55AD88B1-6668-4BF7-9C7A-30DC6BDAEACA}
	EndProjectSection
EndProject
Project("{8BC9CEB8-8B4A-11D0-8D11-00A0C91BC942}") = "IDSGrid", "..\IDSGrid.vcproj", "{55AD88B1-6668-4BF7-9C7A-30DC6BDAEACA}"
EndProject
Global
	GlobalSection(SolutionConfigurationPlatforms) = preSolution
		Debug|Win32 = Debug|Win32
		DebugU|Win32 = DebugU|Win32
		Release|Win32 = Release|Win32
		ReleaseU|Win32 = ReleaseU|Win32
	EndGlobalSection
	GlobalSection(ProjectConfigurationPlatforms) = postSolution
		{45319DC9-4203-420E-84AD-D0F1D1667B05}.Debug|Win32.ActiveCfg = Debug|Win32
		{45319DC9-4203-420E-84AD-D0F1D1667B05}.Debug|Win32.Build.0 = Debug|Win32
		{45319DC9-4203-420E-84AD-D0F1D1667B05}.DebugU|Win32.ActiveCfg = DebugU|Win32
		{45319DC9-4203-420E-84AD-D0F1D1667B05}.DebugU|Win32.Build.0 = DebugU|Win32
		{45319DC9-4203-420E-84AD-D0F1D1667B05}.Release|Win32.ActiveCfg = Release|Win32
		{45319DC9-4203-420E-84AD-D0F1D1667B05}.Release|Win32.Build.0 = Release|Win32
		{45319DC9-4203-420E-84AD-D0F1D1667B05}.ReleaseU|Win32.ActiveCfg = ReleaseU|Win32
		{45319DC9-4203-420E-84AD-D0F1D1667B05}.ReleaseU|Win32.Build.0 = ReleaseU|Win32
		{55AD88B1-6668-4BF7-9C7A-30DC6BDAEACA}.Debug|Win32.ActiveCfg = Debug|Win32
		{55AD88B1-6668-4BF7-9C7A-30DC6BDAEACA}.Debug|Win32.Build.0 = Debug|Win32
		{55AD88B1-6668-4BF7-9C7A-30DC6BDAEACA}.DebugU|Win32.ActiveCfg = DebugU|Win32
		{55AD88B1-6668-4BF7-9C7A-30DC6BDAEACA}.DebugU|Win32.Build.0 = DebugU|Win32
		{55AD88B1-6668-4BF7-9C7A-30DC6BDAEACA}.Release|Win32.ActiveCfg = Release|Win32
		{55AD88B1-6668-4BF7-9C7A-30DC6BDAEACA}.Release|Win32.Build.0 = Release|Win32
		{55AD88B1-6668-4BF7-9C7A-30DC6BDAEACA}.ReleaseU|Win32.ActiveCfg = ReleaseU|Win32
		{55AD88B1-6668-4BF7-9C7A-30DC6BDAEACA}.ReleaseU|Win32.Build.0 = ReleaseU|Win32
	EndGlobalSection
	GlobalSection(SolutionProperties) = preSolution
		HideSolutionNode = FALSE
	EndGlobalSection
EndGlobal
